// !$*UTF8*$!
{
	archiveVersion = 1;
	classes = {
	};
	objectVersion = 50;
	objects = {

/* Begin PBXBuildFile section */
		846D671A2538A33D002B9D14 /* AppDelegate.m in Sources */ = {isa = PBXBuildFile; fileRef = 846D67192538A33D002B9D14 /* AppDelegate.m */; };
		846D671D2538A33D002B9D14 /* SceneDelegate.m in Sources */ = {isa = PBXBuildFile; fileRef = 846D671C2538A33D002B9D14 /* SceneDelegate.m */; };
		846D67202538A33D002B9D14 /* ViewController.m in Sources */ = {isa = PBXBuildFile; fileRef = 846D671F2538A33D002B9D14 /* ViewController.m */; };
		846D67232538A33D002B9D14 /* Main.storyboard in Resources */ = {isa = PBXBuildFile; fileRef = 846D67212538A33D002B9D14 /* Main.storyboard */; };
		846D67252538A340002B9D14 /* Assets.xcassets in Resources */ = {isa = PBXBuildFile; fileRef = 846D67242538A340002B9D14 /* Assets.xcassets */; };
		846D67282538A340002B9D14 /* LaunchScreen.storyboard in Resources */ = {isa = PBXBuildFile; fileRef = 846D67262538A340002B9D14 /* LaunchScreen.storyboard */; };
		846D672B2538A340002B9D14 /* main.m in Sources */ = {isa = PBXBuildFile; fileRef = 846D672A2538A340002B9D14 /* main.m */; };
		846D67332538AA41002B9D14 /* DCObject.m in Sources */ = {isa = PBXBuildFile; fileRef = 846D67322538AA41002B9D14 /* DCObject.m */; };
		846D67362538AA7C002B9D14 /* DCHole.m in Sources */ = {isa = PBXBuildFile; fileRef = 846D67352538AA7C002B9D14 /* DCHole.m */; };
		846D67392538AAFC002B9D14 /* UIKit.framework in Frameworks */ = {isa = PBXBuildFile; fileRef = 846D67382538AAFC002B9D14 /* UIKit.framework */; };
		846D674D2538B547002B9D14 /* BWCircle1.png in Resources */ = {isa = PBXBuildFile; fileRef = 846D673B2538B547002B9D14 /* BWCircle1.png */; };
		846D674E2538B547002B9D14 /* BWCircle2.png in Resources */ = {isa = PBXBuildFile; fileRef = 846D673C2538B547002B9D14 /* BWCircle2.png */; };
		846D674F2538B547002B9D14 /* BWCircle3.png in Resources */ = {isa = PBXBuildFile; fileRef = 846D673D2538B547002B9D14 /* BWCircle3.png */; };
		846D67502538B547002B9D14 /* BWSquare1.png in Resources */ = {isa = PBXBuildFile; fileRef = 846D673E2538B547002B9D14 /* BWSquare1.png */; };
		846D67512538B547002B9D14 /* BWSquare2.png in Resources */ = {isa = PBXBuildFile; fileRef = 846D673F2538B547002B9D14 /* BWSquare2.png */; };
		846D67522538B547002B9D14 /* BWSquare3.png in Resources */ = {isa = PBXBuildFile; fileRef = 846D67402538B547002B9D14 /* BWSquare3.png */; };
		846D67532538B547002B9D14 /* BWStar1.png in Resources */ = {isa = PBXBuildFile; fileRef = 846D67412538B547002B9D14 /* BWStar1.png */; };
		846D67542538B547002B9D14 /* BWStar2.png in Resources */ = {isa = PBXBuildFile; fileRef = 846D67422538B547002B9D14 /* BWStar2.png */; };
		846D67552538B547002B9D14 /* BWStar3.png in Resources */ = {isa = PBXBuildFile; fileRef = 846D67432538B547002B9D14 /* BWStar3.png */; };
		846D67562538B547002B9D14 /* ColorCircle1.png in Resources */ = {isa = PBXBuildFile; fileRef = 846D67442538B547002B9D14 /* ColorCircle1.png */; };
		846D67572538B547002B9D14 /* ColorCircle2.png in Resources */ = {isa = PBXBuildFile; fileRef = 846D67452538B547002B9D14 /* ColorCircle2.png */; };
		846D67582538B547002B9D14 /* ColorCircle3.png in Resources */ = {isa = PBXBuildFile; fileRef = 846D67462538B547002B9D14 /* ColorCircle3.png */; };
		846D67592538B548002B9D14 /* ColorSquare1.png in Resources */ = {isa = PBXBuildFile; fileRef = 846D67472538B547002B9D14 /* ColorSquare1.png */; };
		846D675A2538B548002B9D14 /* ColorSquare2.png in Resources */ = {isa = PBXBuildFile; fileRef = 846D67482538B547002B9D14 /* ColorSquare2.png */; };
		846D675B2538B548002B9D14 /* ColorSquare3.png in Resources */ = {isa = PBXBuildFile; fileRef = 846D67492538B547002B9D14 /* ColorSquare3.png */; };
		846D675C2538B548002B9D14 /* ColorStar1.png in Resources */ = {isa = PBXBuildFile; fileRef = 846D674A2538B547002B9D14 /* ColorStar1.png */; };
		846D675D2538B548002B9D14 /* ColorStar2.png in Resources */ = {isa = PBXBuildFile; fileRef = 846D674B2538B547002B9D14 /* ColorStar2.png */; };
		846D675E2538B548002B9D14 /* ColorStar3.png in Resources */ = {isa = PBXBuildFile; fileRef = 846D674C2538B547002B9D14 /* ColorStar3.png */; };
		84754310253B08B000C7C57E /* dragginfView.m in Sources */ = {isa = PBXBuildFile; fileRef = 8475430F253B08B000C7C57E /* dragginfView.m */; };
		84E64F8A2539E7EA002B9CB7 /* sss.m in Sources */ = {isa = PBXBuildFile; fileRef = 84E64F892539E7EA002B9CB7 /* sss.m */; };
/* End PBXBuildFile section */

/* Begin PBXFileReference section */
		846D67152538A33D002B9D14 /* dragViewsApp.app */ = {isa = PBXFileReference; explicitFileType = wrapper.application; includeInIndex = 0; path = dragViewsApp.app; sourceTree = BUILT_PRODUCTS_DIR; };
		846D67182538A33D002B9D14 /* AppDelegate.h */ = {isa = PBXFileReference; lastKnownFileType = sourcecode.c.h; path = AppDelegate.h; sourceTree = "<group>"; };
		846D67192538A33D002B9D14 /* AppDelegate.m */ = {isa = PBXFileReference; lastKnownFileType = sourcecode.c.objc; path = AppDelegate.m; sourceTree = "<group>"; };
		846D671B2538A33D002B9D14 /* SceneDelegate.h */ = {isa = PBXFileReference; lastKnownFileType = sourcecode.c.h; path = SceneDelegate.h; sourceTree = "<group>"; };
		846D671C2538A33D002B9D14 /* SceneDelegate.m */ = {isa = PBXFileReference; lastKnownFileType = sourcecode.c.objc; path = SceneDelegate.m; sourceTree = "<group>"; };
		846D671E2538A33D002B9D14 /* ViewController.h */ = {isa = PBXFileReference; lastKnownFileType = sourcecode.c.h; path = ViewController.h; sourceTree = "<group>"; };
		846D671F2538A33D002B9D14 /* ViewController.m */ = {isa = PBXFileReference; lastKnownFileType = sourcecode.c.objc; path = ViewController.m; sourceTree = "<group>"; };
		846D67222538A33D002B9D14 /* Base */ = {isa = PBXFileReference; lastKnownFileType = file.storyboard; name = Base; path = Base.lproj/Main.storyboard; sourceTree = "<group>"; };
		846D67242538A340002B9D14 /* Assets.xcassets */ = {isa = PBXFileReference; lastKnownFileType = folder.assetcatalog; path = Assets.xcassets; sourceTree = "<group>"; };
		846D67272538A340002B9D14 /* Base */ = {isa = PBXFileReference; lastKnownFileType = file.storyboard; name = Base; path = Base.lproj/LaunchScreen.storyboard; sourceTree = "<group>"; };
		846D67292538A340002B9D14 /* Info.plist */ = {isa = PBXFileReference; lastKnownFileType = text.plist.xml; path = Info.plist; sourceTree = "<group>"; };
		846D672A2538A340002B9D14 /* main.m */ = {isa = PBXFileReference; lastKnownFileType = sourcecode.c.objc; path = main.m; sourceTree = "<group>"; };
		846D67312538AA41002B9D14 /* DCObject.h */ = {isa = PBXFileReference; lastKnownFileType = sourcecode.c.h; path = DCObject.h; sourceTree = "<group>"; };
		846D67322538AA41002B9D14 /* DCObject.m */ = {isa = PBXFileReference; lastKnownFileType = sourcecode.c.objc; path = DCObject.m; sourceTree = "<group>"; };
		846D67342538AA7C002B9D14 /* DCHole.h */ = {isa = PBXFileReference; lastKnownFileType = sourcecode.c.h; path = DCHole.h; sourceTree = "<group>"; };
		846D67352538AA7C002B9D14 /* DCHole.m */ = {isa = PBXFileReference; lastKnownFileType = sourcecode.c.objc; path = DCHole.m; sourceTree = "<group>"; };
		846D67382538AAFC002B9D14 /* UIKit.framework */ = {isa = PBXFileReference; lastKnownFileType = wrapper.framework; name = UIKit.framework; path = System/Library/Frameworks/UIKit.framework; sourceTree = SDKROOT; };
		846D673B2538B547002B9D14 /* BWCircle1.png */ = {isa = PBXFileReference; lastKnownFileType = image.png; path = BWCircle1.png; sourceTree = "<group>"; };
		846D673C2538B547002B9D14 /* BWCircle2.png */ = {isa = PBXFileReference; lastKnownFileType = image.png; path = BWCircle2.png; sourceTree = "<group>"; };
		846D673D2538B547002B9D14 /* BWCircle3.png */ = {isa = PBXFileReference; lastKnownFileType = image.png; path = BWCircle3.png; sourceTree = "<group>"; };
		846D673E2538B547002B9D14 /* BWSquare1.png */ = {isa = PBXFileReference; lastKnownFileType = image.png; path = BWSquare1.png; sourceTree = "<group>"; };
		846D673F2538B547002B9D14 /* BWSquare2.png */ = {isa = PBXFileReference; lastKnownFileType = image.png; path = BWSquare2.png; sourceTree = "<group>"; };
		846D67402538B547002B9D14 /* BWSquare3.png */ = {isa = PBXFileReference; lastKnownFileType = image.png; path = BWSquare3.png; sourceTree = "<group>"; };
		846D67412538B547002B9D14 /* BWStar1.png */ = {isa = PBXFileReference; lastKnownFileType = image.png; path = BWStar1.png; sourceTree = "<group>"; };
		846D67422538B547002B9D14 /* BWStar2.png */ = {isa = PBXFileReference; lastKnownFileType = image.png; path = BWStar2.png; sourceTree = "<group>"; };
		846D67432538B547002B9D14 /* BWStar3.png */ = {isa = PBXFileReference; lastKnownFileType = image.png; path = BWStar3.png; sourceTree = "<group>"; };
		846D67442538B547002B9D14 /* ColorCircle1.png */ = {isa = PBXFileReference; lastKnownFileType = image.png; path = ColorCircle1.png; sourceTree = "<group>"; };
		846D67452538B547002B9D14 /* ColorCircle2.png */ = {isa = PBXFileReference; lastKnownFileType = image.png; path = ColorCircle2.png; sourceTree = "<group>"; };
		846D67462538B547002B9D14 /* ColorCircle3.png */ = {isa = PBXFileReference; lastKnownFileType = image.png; path = ColorCircle3.png; sourceTree = "<group>"; };
		846D67472538B547002B9D14 /* ColorSquare1.png */ = {isa = PBXFileReference; lastKnownFileType = image.png; path = ColorSquare1.png; sourceTree = "<group>"; };
		846D67482538B547002B9D14 /* ColorSquare2.png */ = {isa = PBXFileReference; lastKnownFileType = image.png; path = ColorSquare2.png; sourceTree = "<group>"; };
		846D67492538B547002B9D14 /* ColorSquare3.png */ = {isa = PBXFileReference; lastKnownFileType = image.png; path = ColorSquare3.png; sourceTree = "<group>"; };
		846D674A2538B547002B9D14 /* ColorStar1.png */ = {isa = PBXFileReference; lastKnownFileType = image.png; path = ColorStar1.png; sourceTree = "<group>"; };
		846D674B2538B547002B9D14 /* ColorStar2.png */ = {isa = PBXFileReference; lastKnownFileType = image.png; path = ColorStar2.png; sourceTree = "<group>"; };
		846D674C2538B547002B9D14 /* ColorStar3.png */ = {isa = PBXFileReference; lastKnownFileType = image.png; path = ColorStar3.png; sourceTree = "<group>"; };
		8475430E253B08B000C7C57E /* dragginfView.h */ = {isa = PBXFileReference; lastKnownFileType = sourcecode.c.h; path = dragginfView.h; sourceTree = "<group>"; };
		8475430F253B08B000C7C57E /* dragginfView.m */ = {isa = PBXFileReference; lastKnownFileType = sourcecode.c.objc; path = dragginfView.m; sourceTree = "<group>"; };
		84E64F882539E7EA002B9CB7 /* sss.h */ = {isa = PBXFileReference; lastKnownFileType = sourcecode.c.h; path = sss.h; sourceTree = "<group>"; };
		84E64F892539E7EA002B9CB7 /* sss.m */ = {isa = PBXFileReference; lastKnownFileType = sourcecode.c.objc; path = sss.m; sourceTree = "<group>"; };
/* End PBXFileReference section */

/* Begin PBXFrameworksBuildPhase section */
		846D67122538A33D002B9D14 /* Frameworks */ = {
			isa = PBXFrameworksBuildPhase;
			buildActionMask = 2147483647;
			files = (
				846D67392538AAFC002B9D14 /* UIKit.framework in Frameworks */,
			);
			runOnlyForDeploymentPostprocessing = 0;
		};
/* End PBXFrameworksBuildPhase section */

/* Begin PBXGroup section */
		846D670C2538A33D002B9D14 = {
			isa = PBXGroup;
			children = (
				846D67172538A33D002B9D14 /* dragViewsApp */,
				846D67162538A33D002B9D14 /* Products */,
				846D67372538AAFC002B9D14 /* Frameworks */,
			);
			sourceTree = "<group>";
		};
		846D67162538A33D002B9D14 /* Products */ = {
			isa = PBXGroup;
			children = (
				846D67152538A33D002B9D14 /* dragViewsApp.app */,
			);
			name = Products;
			sourceTree = "<group>";
		};
		846D67172538A33D002B9D14 /* dragViewsApp */ = {
			isa = PBXGroup;
			children = (
				846D673A2538B547002B9D14 /* CSStar */,
				846D67342538AA7C002B9D14 /* DCHole.h */,
				8475430E253B08B000C7C57E /* dragginfView.h */,
				8475430F253B08B000C7C57E /* dragginfView.m */,
				846D67352538AA7C002B9D14 /* DCHole.m */,
				846D67312538AA41002B9D14 /* DCObject.h */,
				846D67322538AA41002B9D14 /* DCObject.m */,
				846D67182538A33D002B9D14 /* AppDelegate.h */,
				846D67192538A33D002B9D14 /* AppDelegate.m */,
				846D671B2538A33D002B9D14 /* SceneDelegate.h */,
				84E64F882539E7EA002B9CB7 /* sss.h */,
				84E64F892539E7EA002B9CB7 /* sss.m */,
				846D671C2538A33D002B9D14 /* SceneDelegate.m */,
				846D671E2538A33D002B9D14 /* ViewController.h */,
				846D671F2538A33D002B9D14 /* ViewController.m */,
				846D67212538A33D002B9D14 /* Main.storyboard */,
				846D67242538A340002B9D14 /* Assets.xcassets */,
				846D67262538A340002B9D14 /* LaunchScreen.storyboard */,
				846D67292538A340002B9D14 /* Info.plist */,
				846D672A2538A340002B9D14 /* main.m */,
			);
			path = dragViewsApp;
			sourceTree = "<group>";
		};
		846D67372538AAFC002B9D14 /* Frameworks */ = {
			isa = PBXGroup;
			children = (
				846D67382538AAFC002B9D14 /* UIKit.framework */,
			);
			name = Frameworks;
			sourceTree = "<group>";
		};
		846D673A2538B547002B9D14 /* CSStar */ = {
			isa = PBXGroup;
			children = (
				846D673B2538B547002B9D14 /* BWCircle1.png */,
				846D673C2538B547002B9D14 /* BWCircle2.png */,
				846D673D2538B547002B9D14 /* BWCircle3.png */,
				846D673E2538B547002B9D14 /* BWSquare1.png */,
				846D673F2538B547002B9D14 /* BWSquare2.png */,
				846D67402538B547002B9D14 /* BWSquare3.png */,
				846D67412538B547002B9D14 /* BWStar1.png */,
				846D67422538B547002B9D14 /* BWStar2.png */,
				846D67432538B547002B9D14 /* BWStar3.png */,
				846D67442538B547002B9D14 /* ColorCircle1.png */,
				846D67452538B547002B9D14 /* ColorCircle2.png */,
				846D67462538B547002B9D14 /* ColorCircle3.png */,
				846D67472538B547002B9D14 /* ColorSquare1.png */,
				846D67482538B547002B9D14 /* ColorSquare2.png */,
				846D67492538B547002B9D14 /* ColorSquare3.png */,
				846D674A2538B547002B9D14 /* ColorStar1.png */,
				846D674B2538B547002B9D14 /* ColorStar2.png */,
				846D674C2538B547002B9D14 /* ColorStar3.png */,
			);
			path = CSStar;
			sourceTree = "<group>";
		};
/* End PBXGroup section */

/* Begin PBXNativeTarget section */
		846D67142538A33D002B9D14 /* dragViewsApp */ = {
			isa = PBXNativeTarget;
			buildConfigurationList = 846D672E2538A340002B9D14 /* Build configuration list for PBXNativeTarget "dragViewsApp" */;
			buildPhases = (
				846D67112538A33D002B9D14 /* Sources */,
				846D67122538A33D002B9D14 /* Frameworks */,
				846D67132538A33D002B9D14 /* Resources */,
			);
			buildRules = (
			);
			dependencies = (
			);
			name = dragViewsApp;
			productName = dragViewsApp;
			productReference = 846D67152538A33D002B9D14 /* dragViewsApp.app */;
			productType = "com.apple.product-type.application";
		};
/* End PBXNativeTarget section */

/* Begin PBXProject section */
		846D670D2538A33D002B9D14 /* Project object */ = {
			isa = PBXProject;
			attributes = {
				LastUpgradeCheck = 1150;
				ORGANIZATIONNAME = DmitryChaschin;
				TargetAttributes = {
					846D67142538A33D002B9D14 = {
						CreatedOnToolsVersion = 11.5;
					};
				};
			};
			buildConfigurationList = 846D67102538A33D002B9D14 /* Build configuration list for PBXProject "dragViewsApp" */;
			compatibilityVersion = "Xcode 9.3";
			developmentRegion = en;
			hasScannedForEncodings = 0;
			knownRegions = (
				en,
				Base,
			);
			mainGroup = 846D670C2538A33D002B9D14;
			productRefGroup = 846D67162538A33D002B9D14 /* Products */;
			projectDirPath = "";
			projectRoot = "";
			targets = (
				846D67142538A33D002B9D14 /* dragViewsApp */,
			);
		};
/* End PBXProject section */

/* Begin PBXResourcesBuildPhase section */
		846D67132538A33D002B9D14 /* Resources */ = {
			isa = PBXResourcesBuildPhase;
			buildActionMask = 2147483647;
			files = (
				846D67562538B547002B9D14 /* ColorCircle1.png in Resources */,
				846D675A2538B548002B9D14 /* ColorSquare2.png in Resources */,
				846D674D2538B547002B9D14 /* BWCircle1.png in Resources */,
				846D67522538B547002B9D14 /* BWSquare3.png in Resources */,
				846D675C2538B548002B9D14 /* ColorStar1.png in Resources */,
				846D675B2538B548002B9D14 /* ColorSquare3.png in Resources */,
				846D67282538A340002B9D14 /* LaunchScreen.storyboard in Resources */,
				846D67592538B548002B9D14 /* ColorSquare1.png in Resources */,
				846D675D2538B548002B9D14 /* ColorStar2.png in Resources */,
				846D67252538A340002B9D14 /* Assets.xcassets in Resources */,
				846D67582538B547002B9D14 /* ColorCircle3.png in Resources */,
				846D67532538B547002B9D14 /* BWStar1.png in Resources */,
				846D674E2538B547002B9D14 /* BWCircle2.png in Resources */,
				846D67512538B547002B9D14 /* BWSquare2.png in Resources */,
				846D67542538B547002B9D14 /* BWStar2.png in Resources */,
				846D67552538B547002B9D14 /* BWStar3.png in Resources */,
				846D675E2538B548002B9D14 /* ColorStar3.png in Resources */,
				846D67572538B547002B9D14 /* ColorCircle2.png in Resources */,
				846D67502538B547002B9D14 /* BWSquare1.png in Resources */,
				846D674F2538B547002B9D14 /* BWCircle3.png in Resources */,
				846D67232538A33D002B9D14 /* Main.storyboard in Resources */,
			);
			runOnlyForDeploymentPostprocessing = 0;
		};
/* End PBXResourcesBuildPhase section */

/* Begin PBXSourcesBuildPhase section */
		846D67112538A33D002B9D14 /* Sources */ = {
			isa = PBXSourcesBuildPhase;
			buildActionMask = 2147483647;
			files = (
				846D67362538AA7C002B9D14 /* DCHole.m in Sources */,
				84E64F8A2539E7EA002B9CB7 /* sss.m in Sources */,
				846D67332538AA41002B9D14 /* DCObject.m in Sources */,
				846D67202538A33D002B9D14 /* ViewController.m in Sources */,
				846D671A2538A33D002B9D14 /* AppDelegate.m in Sources */,
				846D672B2538A340002B9D14 /* main.m in Sources */,
				84754310253B08B000C7C57E /* dragginfView.m in Sources */,
				846D671D2538A33D002B9D14 /* SceneDelegate.m in Sources */,
			);
			runOnlyForDeploymentPostprocessing = 0;
		};
/* End PBXSourcesBuildPhase section */

/* Begin PBXVariantGroup section */
		846D67212538A33D002B9D14 /* Main.storyboard */ = {
			isa = PBXVariantGroup;
			children = (
				846D67222538A33D002B9D14 /* Base */,
			);
			name = Main.storyboard;
			sourceTree = "<group>";
		};
		846D67262538A340002B9D14 /* LaunchScreen.storyboard */ = {
			isa = PBXVariantGroup;
			children = (
				846D67272538A340002B9D14 /* Base */,
			);
			name = LaunchScreen.storyboard;
			sourceTree = "<group>";
		};
/* End PBXVariantGroup section */

/* Begin XCBuildConfiguration section */
		846D672C2538A340002B9D14 /* Debug */ = {
			isa = XCBuildConfiguration;
			buildSettings = {
				ALWAYS_SEARCH_USER_PATHS = NO;
				CLANG_ANALYZER_NONNULL = YES;
				CLANG_ANALYZER_NUMBER_OBJECT_CONVERSION = YES_AGGRESSIVE;
				CLANG_CXX_LANGUAGE_STANDARD = "gnu++14";
				CLANG_CXX_LIBRARY = "libc++";
				CLANG_ENABLE_MODULES = YES;
				CLANG_ENABLE_OBJC_ARC = YES;
				CLANG_ENABLE_OBJC_WEAK = YES;
				CLANG_WARN_BLOCK_CAPTURE_AUTORELEASING = YES;
				CLANG_WARN_BOOL_CONVERSION = YES;
				CLANG_WARN_COMMA = YES;
				CLANG_WARN_CONSTANT_CONVERSION = YES;
				CLANG_WARN_DEPRECATED_OBJC_IMPLEMENTATIONS = YES;
				CLANG_WARN_DIRECT_OBJC_ISA_USAGE = YES_ERROR;
				CLANG_WARN_DOCUMENTATION_COMMENTS = YES;
				CLANG_WARN_EMPTY_BODY = YES;
				CLANG_WARN_ENUM_CONVERSION = YES;
				CLANG_WARN_INFINITE_RECURSION = YES;
				CLANG_WARN_INT_CONVERSION = YES;
				CLANG_WARN_NON_LITERAL_NULL_CONVERSION = YES;
				CLANG_WARN_OBJC_IMPLICIT_RETAIN_SELF = YES;
				CLANG_WARN_OBJC_LITERAL_CONVERSION = YES;
				CLANG_WARN_OBJC_ROOT_CLASS = YES_ERROR;
				CLANG_WARN_RANGE_LOOP_ANALYSIS = YES;
				CLANG_WARN_STRICT_PROTOTYPES = YES;
				CLANG_WARN_SUSPICIOUS_MOVE = YES;
				CLANG_WARN_UNGUARDED_AVAILABILITY = YES_AGGRESSIVE;
				CLANG_WARN_UNREACHABLE_CODE = YES;
				CLANG_WARN__DUPLICATE_METHOD_MATCH = YES;
				COPY_PHASE_STRIP = NO;
				DEBUG_INFORMATION_FORMAT = dwarf;
				ENABLE_STRICT_OBJC_MSGSEND = YES;
				ENABLE_TESTABILITY = YES;
				GCC_C_LANGUAGE_STANDARD = gnu11;
				GCC_DYNAMIC_NO_PIC = NO;
				GCC_NO_COMMON_BLOCKS = YES;
				GCC_OPTIMIZATION_LEVEL = 0;
				GCC_PREPROCESSOR_DEFINITIONS = (
					"DEBUG=1",
					"$(inherited)",
				);
				GCC_WARN_64_TO_32_BIT_CONVERSION = YES;
				GCC_WARN_ABOUT_RETURN_TYPE = YES_ERROR;
				GCC_WARN_UNDECLARED_SELECTOR = YES;
				GCC_WARN_UNINITIALIZED_AUTOS = YES_AGGRESSIVE;
				GCC_WARN_UNUSED_FUNCTION = YES;
				GCC_WARN_UNUSED_VARIABLE = YES;
				IPHONEOS_DEPLOYMENT_TARGET = 13.5;
				MTL_ENABLE_DEBUG_INFO = INCLUDE_SOURCE;
				MTL_FAST_MATH = YES;
				ONLY_ACTIVE_ARCH = YES;
				SDKROOT = iphoneos;
			};
			name = Debug;
		};
		846D672D2538A340002B9D14 /* Release */ = {
			isa = XCBuildConfiguration;
			buildSettings = {
				ALWAYS_SEARCH_USER_PATHS = NO;
				CLANG_ANALYZER_NONNULL = YES;
				CLANG_ANALYZER_NUMBER_OBJECT_CONVERSION = YES_AGGRESSIVE;
				CLANG_CXX_LANGUAGE_STANDARD = "gnu++14";
				CLANG_CXX_LIBRARY = "libc++";
				CLANG_ENABLE_MODULES = YES;
				CLANG_ENABLE_OBJC_ARC = YES;
				CLANG_ENABLE_OBJC_WEAK = YES;
				CLANG_WARN_BLOCK_CAPTURE_AUTORELEASING = YES;
				CLANG_WARN_BOOL_CONVERSION = YES;
				CLANG_WARN_COMMA = YES;
				CLANG_WARN_CONSTANT_CONVERSION = YES;
				CLANG_WARN_DEPRECATED_OBJC_IMPLEMENTATIONS = YES;
				CLANG_WARN_DIRECT_OBJC_ISA_USAGE = YES_ERROR;
				CLANG_WARN_DOCUMENTATION_COMMENTS = YES;
				CLANG_WARN_EMPTY_BODY = YES;
				CLANG_WARN_ENUM_CONVERSION = YES;
				CLANG_WARN_INFINITE_RECURSION = YES;
				CLANG_WARN_INT_CONVERSION = YES;
				CLANG_WARN_NON_LITERAL_NULL_CONVERSION = YES;
				CLANG_WARN_OBJC_IMPLICIT_RETAIN_SELF = YES;
				CLANG_WARN_OBJC_LITERAL_CONVERSION = YES;
				CLANG_WARN_OBJC_ROOT_CLASS = YES_ERROR;
				CLANG_WARN_RANGE_LOOP_ANALYSIS = YES;
				CLANG_WARN_STRICT_PROTOTYPES = YES;
				CLANG_WARN_SUSPICIOUS_MOVE = YES;
				CLANG_WARN_UNGUARDED_AVAILABILITY = YES_AGGRESSIVE;
				CLANG_WARN_UNREACHABLE_CODE = YES;
				CLANG_WARN__DUPLICATE_METHOD_MATCH = YES;
				COPY_PHASE_STRIP = NO;
				DEBUG_INFORMATION_FORMAT = "dwarf-with-dsym";
				ENABLE_NS_ASSERTIONS = NO;
				ENABLE_STRICT_OBJC_MSGSEND = YES;
				GCC_C_LANGUAGE_STANDARD = gnu11;
				GCC_NO_COMMON_BLOCKS = YES;
				GCC_WARN_64_TO_32_BIT_CONVERSION = YES;
				GCC_WARN_ABOUT_RETURN_TYPE = YES_ERROR;
				GCC_WARN_UNDECLARED_SELECTOR = YES;
				GCC_WARN_UNINITIALIZED_AUTOS = YES_AGGRESSIVE;
				GCC_WARN_UNUSED_FUNCTION = YES;
				GCC_WARN_UNUSED_VARIABLE = YES;
				IPHONEOS_DEPLOYMENT_TARGET = 13.5;
				MTL_ENABLE_DEBUG_INFO = NO;
				MTL_FAST_MATH = YES;
				SDKROOT = iphoneos;
				VALIDATE_PRODUCT = YES;
			};
			name = Release;
		};
		846D672F2538A340002B9D14 /* Debug */ = {
			isa = XCBuildConfiguration;
			buildSettings = {
				ASSETCATALOG_COMPILER_APPICON_NAME = AppIcon;
				CODE_SIGN_STYLE = Automatic;
				DEVELOPMENT_TEAM = RT78W7HH7D;
				INFOPLIST_FILE = dragViewsApp/Info.plist;
				LD_RUNPATH_SEARCH_PATHS = (
					"$(inherited)",
					"@executable_path/Frameworks",
				);
				PRODUCT_BUNDLE_IDENTIFIER = com.dmitry.chashin.dragViewsApp;
				PRODUCT_NAME = "$(TARGET_NAME)";
				TARGETED_DEVICE_FAMILY = "1,2";
			};
			name = Debug;
		};
		846D67302538A340002B9D14 /* Release */ = {
			isa = XCBuildConfiguration;
			buildSettings = {
				ASSETCATALOG_COMPILER_APPICON_NAME = AppIcon;
				CODE_SIGN_STYLE = Automatic;
				DEVELOPMENT_TEAM = RT78W7HH7D;
				INFOPLIST_FILE = dragViewsApp/Info.plist;
				LD_RUNPATH_SEARCH_PATHS = (
					"$(inherited)",
					"@executable_path/Frameworks",
				);
				PRODUCT_BUNDLE_IDENTIFIER = com.dmitry.chashin.dragViewsApp;
				PRODUCT_NAME = "$(TARGET_NAME)";
				TARGETED_DEVICE_FAMILY = "1,2";
			};
			name = Release;
		};
/* End XCBuildConfiguration section */

/* Begin XCConfigurationList section */
		846D67102538A33D002B9D14 /* Build configuration list for PBXProject "dragViewsApp" */ = {
			isa = XCConfigurationList;
			buildConfigurations = (
				846D672C2538A340002B9D14 /* Debug */,
				846D672D2538A340002B9D14 /* Release */,
			);
			defaultConfigurationIsVisible = 0;
			defaultConfigurationName = Release;
		};
		846D672E2538A340002B9D14 /* Build configuration list for PBXNativeTarget "dragViewsApp" */ = {
			isa = XCConfigurationList;
			buildConfigurations = (
				846D672F2538A340002B9D14 /* Debug */,
				846D67302538A340002B9D14 /* Release */,
			);
			defaultConfigurationIsVisible = 0;
			defaultConfigurationName = Release;
		};
/* End XCConfigurationList section */
	};
	rootObject = 846D670D2538A33D002B9D14 /* Project object */;
}
